
Microsoft Visual Studio Solution File, Format Version 12.00
# Visual Studio Version 17
VisualStudioVersion = 17.13.35825.156 d17.13
MinimumVisualStudioVersion = 10.0.40219.1
Project("{FAE04EC0-301F-11D3-BF4B-00C04F79EFBC}") = "CleanWaterFeeManagement", "CleanWaterFeeManagement.csproj", "{EFC8ABDB-2278-4BF9-BED8-4C837E219475}"
EndProject
Global
	GlobalSection(SolutionConfigurationPlatforms) = preSolution
		Debug|Any CPU = Debug|Any CPU
		Release|Any CPU = Release|Any CPU
	EndGlobalSection
	GlobalSection(ProjectConfigurationPlatforms) = postSolution
		{EFC8ABDB-2278-4BF9-BED8-4C837E219475}.Debug|Any CPU.ActiveCfg = Debug|Any CPU
		{EFC8ABDB-2278-4BF9-BED8-4C837E219475}.Debug|Any CPU.Build.0 = Debug|Any CPU
		{EFC8ABDB-2278-4BF9-BED8-4C837E219475}.Release|Any CPU.ActiveCfg = Release|Any CPU
		{EFC8ABDB-2278-4BF9-BED8-4C837E219475}.Release|Any CPU.Build.0 = Release|Any CPU
	EndGlobalSection
	GlobalSection(SolutionProperties) = preSolution
		HideSolutionNode = FALSE
	EndGlobalSection
	GlobalSection(ExtensibilityGlobals) = postSolution
		SolutionGuid = {44070D9D-E2D2-44B6-86C3-EB914DCDD1C9}
	EndGlobalSection
EndGlobal
